
Microsoft Visual Studio Solution File, Format Version 12.00
# Visual Studio 2013
VisualStudioVersion = 12.0.31101.0
MinimumVisualStudioVersion = 10.0.40219.1
Project("{FAE04EC0-301F-11D3-BF4B-00C04F79EFBC}") = "SeleniumTestProject", "SeleniumTestProject\SeleniumTestProject.csproj", "{76AEBB21-0339-462C-83CF-A9382CFDA5DD}"
EndProject
Project("{2150E333-8FDC-42A3-9474-1A3956D46DE8}") = "Solution Items", "Solution Items", "{C91E974B-F80D-4F49-B987-184D2AC2F5FC}"
	ProjectSection(SolutionItems) = preProject
		TestSettings.Config = TestSettings.Config
	EndProjectSection
EndProject
Global
	GlobalSection(SolutionConfigurationPlatforms) = preSolution
		Debug|Any CPU = Debug|Any CPU
		Release|Any CPU = Release|Any CPU
	EndGlobalSection
	GlobalSection(ProjectConfigurationPlatforms) = postSolution
		{76AEBB21-0339-462C-83CF-A9382CFDA5DD}.Debug|Any CPU.ActiveCfg = Debug|Any CPU
		{76AEBB21-0339-462C-83CF-A9382CFDA5DD}.Debug|Any CPU.Build.0 = Debug|Any CPU
		{76AEBB21-0339-462C-83CF-A9382CFDA5DD}.Release|Any CPU.ActiveCfg = Release|Any CPU
		{76AEBB21-0339-462C-83CF-A9382CFDA5DD}.Release|Any CPU.Build.0 = Release|Any CPU
	EndGlobalSection
	GlobalSection(SolutionProperties) = preSolution
		HideSolutionNode = FALSE
	EndGlobalSection
EndGlobal
